
Microsoft Visual Studio Solution File, Format Version 12.00
# Visual Studio Version 17
VisualStudioVersion = 17.10.35013.160
MinimumVisualStudioVersion = 10.0.40219.1
Project("{FAE04EC0-301F-11D3-BF4B-00C04F79EFBC}") = "AED2", "AED2\AED2.csproj", "{F95E9F49-4EE9-4C2C-B6DF-5DDD216F8D19}"
EndProject
Global
	GlobalSection(SolutionConfigurationPlatforms) = preSolution
		Debug|Any CPU = Debug|Any CPU
		Release|Any CPU = Release|Any CPU
	EndGlobalSection
	GlobalSection(ProjectConfigurationPlatforms) = postSolution
		{F95E9F49-4EE9-4C2C-B6DF-5DDD216F8D19}.Debug|Any CPU.ActiveCfg = Debug|Any CPU
		{F95E9F49-4EE9-4C2C-B6DF-5DDD216F8D19}.Debug|Any CPU.Build.0 = Debug|Any CPU
		{F95E9F49-4EE9-4C2C-B6DF-5DDD216F8D19}.Release|Any CPU.ActiveCfg = Release|Any CPU
		{F95E9F49-4EE9-4C2C-B6DF-5DDD216F8D19}.Release|Any CPU.Build.0 = Release|Any CPU
	EndGlobalSection
	GlobalSection(SolutionProperties) = preSolution
		HideSolutionNode = FALSE
	EndGlobalSection
	GlobalSection(ExtensibilityGlobals) = postSolution
		SolutionGuid = {6C39D499-E0A3-4431-B980-B92095BC5F78}
	EndGlobalSection
EndGlobal
